schema: '2.0'
stages:
  process:
    cmd: python process_data.py
    deps:
    - path: data_raw.csv
      hash: md5
      md5: b427a8c0156e79f12e418b08cde43c7e
      size: 68868
    - path: process_data.py
      hash: md5
      md5: 3f60a55cb3a9b982498e2035df8b0013
      size: 926
    outs:
    - path: data_processed.csv
      hash: md5
      md5: 67eaf9825502936004bf7caad92a9e52
      size: 24333
  train:
    cmd: python train.py
    deps:
    - path: data_processed.csv
      hash: md5
      md5: 67eaf9825502936004bf7caad92a9e52
      size: 24333
    - path: train.py
      hash: md5
      md5: 06ffd35dd0015fec5df01ee696403508
      size: 1524
    outs:
    - path: by_region.png
      hash: md5
      md5: 05f5921b246f611861fbb6a346b87af8
      size: 7915
    - path: metrics.json
      hash: md5
      md5: f4844c28505568f336c5f91db3f1beb3
      size: 89
  getdata:
    cmd: type data_raw.csv
    deps:
    - path: data_raw.csv
      hash: md5
      md5: b427a8c0156e79f12e418b08cde43c7e
      size: 68868
